
Microsoft Visual Studio Solution File, Format Version 12.00
Project("{F2A71F9B-5D33-465A-A702-920D77279786}") = "adventOfCode2025", "adventOfCode2025.fsproj", "{CFEC7A53-7289-4B56-BC64-F71B94B3595F}"
EndProject
Global
	GlobalSection(SolutionConfigurationPlatforms) = preSolution
		Debug|Any CPU = Debug|Any CPU
		Release|Any CPU = Release|Any CPU
	EndGlobalSection
	GlobalSection(ProjectConfigurationPlatforms) = postSolution
		{CFEC7A53-7289-4B56-BC64-F71B94B3595F}.Debug|Any CPU.ActiveCfg = Debug|Any CPU
		{CFEC7A53-7289-4B56-BC64-F71B94B3595F}.Debug|Any CPU.Build.0 = Debug|Any CPU
		{CFEC7A53-7289-4B56-BC64-F71B94B3595F}.Release|Any CPU.ActiveCfg = Release|Any CPU
		{CFEC7A53-7289-4B56-BC64-F71B94B3595F}.Release|Any CPU.Build.0 = Release|Any CPU
	EndGlobalSection
EndGlobal
